Microsoft Visual Studio Solution File, Format Version 12.00
# Visual Studio Version 17
VisualStudioVersion = 17.9.34622.214
MinimumVisualStudioVersion = 10.0.40219.1
Project("{2150E333-8FDC-42A3-9474-1A3956D46DE8}") = "Infrastructures", "Infrastructures", "{02EA681E-C7D8-13C7-8484-4AC65E1B71E8}"
EndProject
Project("{2150E333-8FDC-42A3-9474-1A3956D46DE8}") = "Application", "Application", "{A773F282-EC71-4BDB-A876-E085D23C49A4}"
EndProject
Project("{2150E333-8FDC-42A3-9474-1A3956D46DE8}") = "build", "build", "{9F67EA66-35BE-4A26-8BE5-4A0707F10A57}"
	ProjectSection(SolutionItems) = preProject
		.editorconfig = .editorconfig
		build\common.props = build\common.props
		build\version.props = build\version.props
	EndProjectSection
EndProject
Project("{2150E333-8FDC-42A3-9474-1A3956D46DE8}") = "src", "src", "{3CA1BCB6-DB15-4280-BF42-597D63DD8B9C}"
EndProject
Project("{2150E333-8FDC-42A3-9474-1A3956D46DE8}") = "test", "test", "{CEBFA6DE-6440-46BC-8892-1318320B66F3}"
EndProject
Project("{FAE04EC0-301F-11D3-BF4B-00C04F79EFBC}") = "Asprtu.Core", "src\Infrastructures\Asprtu.Core\Asprtu.Core.csproj", "{07AB853F-3A17-C530-3624-58F5D0603D1B}"
EndProject
Project("{FAE04EC0-301F-11D3-BF4B-00C04F79EFBC}") = "Asprtu.Repository", "src\Infrastructures\Asprtu.Repository\Asprtu.Repository.csproj", "{078054CC-9E1E-0B62-3668-853085D3651D}"
EndProject
Project("{FAE04EC0-301F-11D3-BF4B-00C04F79EFBC}") = "Asprtu.Grpc", "src\Infrastructures\Asprtu.gRPC\Asprtu.Grpc.csproj", "{0590AB15-3558-4A2F-5D05-B532EB5A0B8E}"
EndProject
Project("{FAE04EC0-301F-11D3-BF4B-00C04F79EFBC}") = "Aspire", "src\Application\Aspire\Aspire.csproj", "{D88E9F32-BF1A-954F-BC78-6C5E59E1E9FC}"
EndProject
Project("{FAE04EC0-301F-11D3-BF4B-00C04F79EFBC}") = "Asprtu.Capacities", "src\Application\Asprtu.Capacities\Asprtu.Capacities.csproj", "{DB0B4E18-D68C-6A87-CEA5-B9F35D227095}"
EndProject
Project("{FAE04EC0-301F-11D3-BF4B-00C04F79EFBC}") = "Asprtu.Capacities.Host", "src\Application\Asprtu.Capacities.Host\Asprtu.Capacities.Host.csproj", "{29394813-B776-2026-C6F4-A655E406E89E}"
EndProject
Project("{FAE04EC0-301F-11D3-BF4B-00C04F79EFBC}") = "Asprtu.Repository.MemoryCache.Tests", "tests\TestMemory\Asprtu.Repository.MemoryCache.Tests.csproj", "{09EE02BB-B151-4DC7-9955-3A41C75878F8}"
EndProject
Project("{FAE04EC0-301F-11D3-BF4B-00C04F79EFBC}") = "Asprtu.Repository.MemoryCache", "src\Infrastructures\Asprtu.Repository.MemoryCache\Asprtu.Repository.MemoryCache.csproj", "{C34763ED-9578-8F08-C4C2-B7A3C084AC77}"
EndProject
Global
	GlobalSection(SolutionConfigurationPlatforms) = preSolution
		Debug|Any CPU = Debug|Any CPU
		Release|Any CPU = Release|Any CPU
	EndGlobalSection
	GlobalSection(ProjectConfigurationPlatforms) = postSolution
		{07AB853F-3A17-C530-3624-58F5D0603D1B}.Debug|Any CPU.ActiveCfg = Debug|Any CPU
		{07AB853F-3A17-C530-3624-58F5D0603D1B}.Debug|Any CPU.Build.0 = Debug|Any CPU
		{07AB853F-3A17-C530-3624-58F5D0603D1B}.Release|Any CPU.ActiveCfg = Release|Any CPU
		{07AB853F-3A17-C530-3624-58F5D0603D1B}.Release|Any CPU.Build.0 = Release|Any CPU
		{078054CC-9E1E-0B62-3668-853085D3651D}.Debug|Any CPU.ActiveCfg = Debug|Any CPU
		{078054CC-9E1E-0B62-3668-853085D3651D}.Debug|Any CPU.Build.0 = Debug|Any CPU
		{078054CC-9E1E-0B62-3668-853085D3651D}.Release|Any CPU.ActiveCfg = Release|Any CPU
		{078054CC-9E1E-0B62-3668-853085D3651D}.Release|Any CPU.Build.0 = Release|Any CPU
		{0590AB15-3558-4A2F-5D05-B532EB5A0B8E}.Debug|Any CPU.ActiveCfg = Debug|Any CPU
		{0590AB15-3558-4A2F-5D05-B532EB5A0B8E}.Debug|Any CPU.Build.0 = Debug|Any CPU
		{0590AB15-3558-4A2F-5D05-B532EB5A0B8E}.Release|Any CPU.ActiveCfg = Release|Any CPU
		{0590AB15-3558-4A2F-5D05-B532EB5A0B8E}.Release|Any CPU.Build.0 = Release|Any CPU
		{D88E9F32-BF1A-954F-BC78-6C5E59E1E9FC}.Debug|Any CPU.ActiveCfg = Debug|Any CPU
		{D88E9F32-BF1A-954F-BC78-6C5E59E1E9FC}.Debug|Any CPU.Build.0 = Debug|Any CPU
		{D88E9F32-BF1A-954F-BC78-6C5E59E1E9FC}.Release|Any CPU.ActiveCfg = Release|Any CPU
		{D88E9F32-BF1A-954F-BC78-6C5E59E1E9FC}.Release|Any CPU.Build.0 = Release|Any CPU
		{DB0B4E18-D68C-6A87-CEA5-B9F35D227095}.Debug|Any CPU.ActiveCfg = Debug|Any CPU
		{DB0B4E18-D68C-6A87-CEA5-B9F35D227095}.Debug|Any CPU.Build.0 = Debug|Any CPU
		{DB0B4E18-D68C-6A87-CEA5-B9F35D227095}.Release|Any CPU.ActiveCfg = Release|Any CPU
		{DB0B4E18-D68C-6A87-CEA5-B9F35D227095}.Release|Any CPU.Build.0 = Release|Any CPU
		{29394813-B776-2026-C6F4-A655E406E89E}.Debug|Any CPU.ActiveCfg = Debug|Any CPU
		{29394813-B776-2026-C6F4-A655E406E89E}.Debug|Any CPU.Build.0 = Debug|Any CPU
		{29394813-B776-2026-C6F4-A655E406E89E}.Release|Any CPU.ActiveCfg = Release|Any CPU
		{29394813-B776-2026-C6F4-A655E406E89E}.Release|Any CPU.Build.0 = Release|Any CPU
		{09EE02BB-B151-4DC7-9955-3A41C75878F8}.Debug|Any CPU.ActiveCfg = Debug|Any CPU
		{09EE02BB-B151-4DC7-9955-3A41C75878F8}.Debug|Any CPU.Build.0 = Debug|Any CPU
		{09EE02BB-B151-4DC7-9955-3A41C75878F8}.Release|Any CPU.ActiveCfg = Release|Any CPU
		{09EE02BB-B151-4DC7-9955-3A41C75878F8}.Release|Any CPU.Build.0 = Release|Any CPU
		{C34763ED-9578-8F08-C4C2-B7A3C084AC77}.Debug|Any CPU.ActiveCfg = Debug|Any CPU
		{C34763ED-9578-8F08-C4C2-B7A3C084AC77}.Debug|Any CPU.Build.0 = Debug|Any CPU
		{C34763ED-9578-8F08-C4C2-B7A3C084AC77}.Release|Any CPU.ActiveCfg = Release|Any CPU
		{C34763ED-9578-8F08-C4C2-B7A3C084AC77}.Release|Any CPU.Build.0 = Release|Any CPU
	EndGlobalSection
	GlobalSection(SolutionProperties) = preSolution
		HideSolutionNode = FALSE
	EndGlobalSection
	GlobalSection(NestedProjects) = preSolution
		{02EA681E-C7D8-13C7-8484-4AC65E1B71E8} = {3CA1BCB6-DB15-4280-BF42-597D63DD8B9C}
		{A773F282-EC71-4BDB-A876-E085D23C49A4} = {3CA1BCB6-DB15-4280-BF42-597D63DD8B9C}
		{07AB853F-3A17-C530-3624-58F5D0603D1B} = {02EA681E-C7D8-13C7-8484-4AC65E1B71E8}
		{078054CC-9E1E-0B62-3668-853085D3651D} = {02EA681E-C7D8-13C7-8484-4AC65E1B71E8}
		{0590AB15-3558-4A2F-5D05-B532EB5A0B8E} = {02EA681E-C7D8-13C7-8484-4AC65E1B71E8}
		{D88E9F32-BF1A-954F-BC78-6C5E59E1E9FC} = {A773F282-EC71-4BDB-A876-E085D23C49A4}
		{DB0B4E18-D68C-6A87-CEA5-B9F35D227095} = {A773F282-EC71-4BDB-A876-E085D23C49A4}
		{29394813-B776-2026-C6F4-A655E406E89E} = {A773F282-EC71-4BDB-A876-E085D23C49A4}
		{09EE02BB-B151-4DC7-9955-3A41C75878F8} = {CEBFA6DE-6440-46BC-8892-1318320B66F3}
		{C34763ED-9578-8F08-C4C2-B7A3C084AC77} = {02EA681E-C7D8-13C7-8484-4AC65E1B71E8}
	EndGlobalSection
	GlobalSection(ExtensibilityGlobals) = postSolution
		SolutionGuid = {199B1B96-4F56-4828-9531-813BA02DB282}
		RESX_Rules = {"EnabledRules":[]}
		RESX_NeutralResourcesLanguage = zh-Hans
	EndGlobalSection
EndGlobal
